
Microsoft Visual Studio Solution File, Format Version 12.00
# Visual Studio Version 17
VisualStudioVersion = 17.8.0.0
MinimumVisualStudioVersion = 10.0.0.1
Project("{FAE04EC0-301F-11D3-BF4B-00C04F79EFBC}") = "MirageBox.Library", "src\MirageBox.Library\MirageBox.Library.csproj", "{F1E5A8D3-2B4C-4D9A-8E3F-9A2C1B5D6E7F}"
EndProject
Project("{FAE04EC0-301F-11D3-BF4B-00C04F79EFBC}") = "MirageBox.Oasis", "src\MirageBox.Oasis\MirageBox.Oasis.csproj", "{B9C8D7E6-3F2A-4E1B-9D5C-8A7B6C5D4E3F}"
EndProject
Project("{2150E333-8FDC-42A3-9474-1A3956D46DE8}") = "src", "src", "{827E0CD3-B72D-47B6-A68D-7590B98EB39B}"
EndProject
Project("{FAE04EC0-301F-11D3-BF4B-00C04F79EFBC}") = "MirageBox.TinyGauges", "src\MirageBox.TinyGauges\MirageBox.TinyGauges.csproj", "{2E551811-C67D-498B-959C-763D838F44F1}"
EndProject
Project("{FAE04EC0-301F-11D3-BF4B-00C04F79EFBC}") = "MirageBox.Oasis.Core", "src\MirageBox.Oasis.Core\MirageBox.Oasis.Core.csproj", "{FDD1FCC0-5ACF-4D45-8B84-BFB6C255B779}"
EndProject
Project("{FAE04EC0-301F-11D3-BF4B-00C04F79EFBC}") = "MirageBox.Oasis.Desktop", "src\MirageBox.Oasis.Desktop\MirageBox.Oasis.Desktop.csproj", "{1A6EA2E6-2B7D-4428-A369-12925DD2FB1D}"
EndProject
Project("{FAE04EC0-301F-11D3-BF4B-00C04F79EFBC}") = "MirageBox.Oasis.Plugins.Lhm", "src\MirageBox.Oasis.Plugins.Lhm\MirageBox.Oasis.Plugins.Lhm.csproj", "{FF0F488B-B94E-4177-A1D6-6949C793D4D1}"
EndProject
Global
	GlobalSection(SolutionConfigurationPlatforms) = preSolution
		Debug|Any CPU = Debug|Any CPU
		Debug|x64 = Debug|x64
		Debug|x86 = Debug|x86
		Release|Any CPU = Release|Any CPU
		Release|x64 = Release|x64
		Release|x86 = Release|x86
	EndGlobalSection
	GlobalSection(ProjectConfigurationPlatforms) = postSolution
		{F1E5A8D3-2B4C-4D9A-8E3F-9A2C1B5D6E7F}.Debug|Any CPU.ActiveCfg = Debug|Any CPU
		{F1E5A8D3-2B4C-4D9A-8E3F-9A2C1B5D6E7F}.Debug|Any CPU.Build.0 = Debug|Any CPU
		{F1E5A8D3-2B4C-4D9A-8E3F-9A2C1B5D6E7F}.Debug|x64.ActiveCfg = Debug|Any CPU
		{F1E5A8D3-2B4C-4D9A-8E3F-9A2C1B5D6E7F}.Debug|x64.Build.0 = Debug|Any CPU
		{F1E5A8D3-2B4C-4D9A-8E3F-9A2C1B5D6E7F}.Debug|x86.ActiveCfg = Debug|Any CPU
		{F1E5A8D3-2B4C-4D9A-8E3F-9A2C1B5D6E7F}.Debug|x86.Build.0 = Debug|Any CPU
		{F1E5A8D3-2B4C-4D9A-8E3F-9A2C1B5D6E7F}.Release|Any CPU.ActiveCfg = Release|Any CPU
		{F1E5A8D3-2B4C-4D9A-8E3F-9A2C1B5D6E7F}.Release|Any CPU.Build.0 = Release|Any CPU
		{F1E5A8D3-2B4C-4D9A-8E3F-9A2C1B5D6E7F}.Release|x64.ActiveCfg = Release|Any CPU
		{F1E5A8D3-2B4C-4D9A-8E3F-9A2C1B5D6E7F}.Release|x64.Build.0 = Release|Any CPU
		{F1E5A8D3-2B4C-4D9A-8E3F-9A2C1B5D6E7F}.Release|x86.ActiveCfg = Release|Any CPU
		{F1E5A8D3-2B4C-4D9A-8E3F-9A2C1B5D6E7F}.Release|x86.Build.0 = Release|Any CPU
		{B9C8D7E6-3F2A-4E1B-9D5C-8A7B6C5D4E3F}.Debug|Any CPU.ActiveCfg = Debug|Any CPU
		{B9C8D7E6-3F2A-4E1B-9D5C-8A7B6C5D4E3F}.Debug|Any CPU.Build.0 = Debug|Any CPU
		{B9C8D7E6-3F2A-4E1B-9D5C-8A7B6C5D4E3F}.Debug|x64.ActiveCfg = Debug|Any CPU
		{B9C8D7E6-3F2A-4E1B-9D5C-8A7B6C5D4E3F}.Debug|x64.Build.0 = Debug|Any CPU
		{B9C8D7E6-3F2A-4E1B-9D5C-8A7B6C5D4E3F}.Debug|x86.ActiveCfg = Debug|Any CPU
		{B9C8D7E6-3F2A-4E1B-9D5C-8A7B6C5D4E3F}.Debug|x86.Build.0 = Debug|Any CPU
		{B9C8D7E6-3F2A-4E1B-9D5C-8A7B6C5D4E3F}.Release|Any CPU.ActiveCfg = Release|Any CPU
		{B9C8D7E6-3F2A-4E1B-9D5C-8A7B6C5D4E3F}.Release|Any CPU.Build.0 = Release|Any CPU
		{B9C8D7E6-3F2A-4E1B-9D5C-8A7B6C5D4E3F}.Release|x64.ActiveCfg = Release|Any CPU
		{B9C8D7E6-3F2A-4E1B-9D5C-8A7B6C5D4E3F}.Release|x64.Build.0 = Release|Any CPU
		{B9C8D7E6-3F2A-4E1B-9D5C-8A7B6C5D4E3F}.Release|x86.ActiveCfg = Release|Any CPU
		{B9C8D7E6-3F2A-4E1B-9D5C-8A7B6C5D4E3F}.Release|x86.Build.0 = Release|Any CPU
		{2E551811-C67D-498B-959C-763D838F44F1}.Debug|Any CPU.ActiveCfg = Debug|Any CPU
		{2E551811-C67D-498B-959C-763D838F44F1}.Debug|Any CPU.Build.0 = Debug|Any CPU
		{2E551811-C67D-498B-959C-763D838F44F1}.Debug|x64.ActiveCfg = Debug|Any CPU
		{2E551811-C67D-498B-959C-763D838F44F1}.Debug|x64.Build.0 = Debug|Any CPU
		{2E551811-C67D-498B-959C-763D838F44F1}.Debug|x86.ActiveCfg = Debug|Any CPU
		{2E551811-C67D-498B-959C-763D838F44F1}.Debug|x86.Build.0 = Debug|Any CPU
		{2E551811-C67D-498B-959C-763D838F44F1}.Release|Any CPU.ActiveCfg = Release|Any CPU
		{2E551811-C67D-498B-959C-763D838F44F1}.Release|Any CPU.Build.0 = Release|Any CPU
		{2E551811-C67D-498B-959C-763D838F44F1}.Release|x64.ActiveCfg = Release|Any CPU
		{2E551811-C67D-498B-959C-763D838F44F1}.Release|x64.Build.0 = Release|Any CPU
		{2E551811-C67D-498B-959C-763D838F44F1}.Release|x86.ActiveCfg = Release|Any CPU
		{2E551811-C67D-498B-959C-763D838F44F1}.Release|x86.Build.0 = Release|Any CPU
		{FDD1FCC0-5ACF-4D45-8B84-BFB6C255B779}.Debug|Any CPU.ActiveCfg = Debug|Any CPU
		{FDD1FCC0-5ACF-4D45-8B84-BFB6C255B779}.Debug|Any CPU.Build.0 = Debug|Any CPU
		{FDD1FCC0-5ACF-4D45-8B84-BFB6C255B779}.Debug|x64.ActiveCfg = Debug|Any CPU
		{FDD1FCC0-5ACF-4D45-8B84-BFB6C255B779}.Debug|x64.Build.0 = Debug|Any CPU
		{FDD1FCC0-5ACF-4D45-8B84-BFB6C255B779}.Debug|x86.ActiveCfg = Debug|Any CPU
		{FDD1FCC0-5ACF-4D45-8B84-BFB6C255B779}.Debug|x86.Build.0 = Debug|Any CPU
		{FDD1FCC0-5ACF-4D45-8B84-BFB6C255B779}.Release|Any CPU.ActiveCfg = Release|Any CPU
		{FDD1FCC0-5ACF-4D45-8B84-BFB6C255B779}.Release|Any CPU.Build.0 = Release|Any CPU
		{FDD1FCC0-5ACF-4D45-8B84-BFB6C255B779}.Release|x64.ActiveCfg = Release|Any CPU
		{FDD1FCC0-5ACF-4D45-8B84-BFB6C255B779}.Release|x64.Build.0 = Release|Any CPU
		{FDD1FCC0-5ACF-4D45-8B84-BFB6C255B779}.Release|x86.ActiveCfg = Release|Any CPU
		{FDD1FCC0-5ACF-4D45-8B84-BFB6C255B779}.Release|x86.Build.0 = Release|Any CPU
		{1A6EA2E6-2B7D-4428-A369-12925DD2FB1D}.Debug|Any CPU.ActiveCfg = Debug|Any CPU
		{1A6EA2E6-2B7D-4428-A369-12925DD2FB1D}.Debug|Any CPU.Build.0 = Debug|Any CPU
		{1A6EA2E6-2B7D-4428-A369-12925DD2FB1D}.Debug|x64.ActiveCfg = Debug|Any CPU
		{1A6EA2E6-2B7D-4428-A369-12925DD2FB1D}.Debug|x64.Build.0 = Debug|Any CPU
		{1A6EA2E6-2B7D-4428-A369-12925DD2FB1D}.Debug|x86.ActiveCfg = Debug|Any CPU
		{1A6EA2E6-2B7D-4428-A369-12925DD2FB1D}.Debug|x86.Build.0 = Debug|Any CPU
		{1A6EA2E6-2B7D-4428-A369-12925DD2FB1D}.Release|Any CPU.ActiveCfg = Release|Any CPU
		{1A6EA2E6-2B7D-4428-A369-12925DD2FB1D}.Release|Any CPU.Build.0 = Release|Any CPU
		{1A6EA2E6-2B7D-4428-A369-12925DD2FB1D}.Release|x64.ActiveCfg = Release|Any CPU
		{1A6EA2E6-2B7D-4428-A369-12925DD2FB1D}.Release|x64.Build.0 = Release|Any CPU
		{1A6EA2E6-2B7D-4428-A369-12925DD2FB1D}.Release|x86.ActiveCfg = Release|Any CPU
		{1A6EA2E6-2B7D-4428-A369-12925DD2FB1D}.Release|x86.Build.0 = Release|Any CPU
		{FF0F488B-B94E-4177-A1D6-6949C793D4D1}.Debug|Any CPU.ActiveCfg = Debug|Any CPU
		{FF0F488B-B94E-4177-A1D6-6949C793D4D1}.Debug|Any CPU.Build.0 = Debug|Any CPU
		{FF0F488B-B94E-4177-A1D6-6949C793D4D1}.Debug|x64.ActiveCfg = Debug|Any CPU
		{FF0F488B-B94E-4177-A1D6-6949C793D4D1}.Debug|x64.Build.0 = Debug|Any CPU
		{FF0F488B-B94E-4177-A1D6-6949C793D4D1}.Debug|x86.ActiveCfg = Debug|Any CPU
		{FF0F488B-B94E-4177-A1D6-6949C793D4D1}.Debug|x86.Build.0 = Debug|Any CPU
		{FF0F488B-B94E-4177-A1D6-6949C793D4D1}.Release|Any CPU.ActiveCfg = Release|Any CPU
		{FF0F488B-B94E-4177-A1D6-6949C793D4D1}.Release|Any CPU.Build.0 = Release|Any CPU
		{FF0F488B-B94E-4177-A1D6-6949C793D4D1}.Release|x64.ActiveCfg = Release|Any CPU
		{FF0F488B-B94E-4177-A1D6-6949C793D4D1}.Release|x64.Build.0 = Release|Any CPU
		{FF0F488B-B94E-4177-A1D6-6949C793D4D1}.Release|x86.ActiveCfg = Release|Any CPU
		{FF0F488B-B94E-4177-A1D6-6949C793D4D1}.Release|x86.Build.0 = Release|Any CPU
	EndGlobalSection
	GlobalSection(SolutionProperties) = preSolution
		HideSolutionNode = FALSE
	EndGlobalSection
	GlobalSection(NestedProjects) = preSolution
		{2E551811-C67D-498B-959C-763D838F44F1} = {827E0CD3-B72D-47B6-A68D-7590B98EB39B}
		{FDD1FCC0-5ACF-4D45-8B84-BFB6C255B779} = {827E0CD3-B72D-47B6-A68D-7590B98EB39B}
		{1A6EA2E6-2B7D-4428-A369-12925DD2FB1D} = {827E0CD3-B72D-47B6-A68D-7590B98EB39B}
		{FF0F488B-B94E-4177-A1D6-6949C793D4D1} = {827E0CD3-B72D-47B6-A68D-7590B98EB39B}
	EndGlobalSection
EndGlobal
